// !$*UTF8*$!
{
	archiveVersion = 1;
	classes = {
	};
	objectVersion = 46;
	objects = {

/* Begin PBXBuildFile section */
		CC1672891AD6F4400003EF40 /* HTMLParser.swift in Sources */ = {isa = PBXBuildFile; fileRef = CC1672881AD6F4400003EF40 /* HTMLParser.swift */; };
		CC3467401AB8C8BB00434630 /* FeedModel.xcdatamodeld in Sources */ = {isa = PBXBuildFile; fileRef = CC34673E1AB8C8BB00434630 /* FeedModel.xcdatamodeld */; };
		CC3467421AB8C94E00434630 /* Images.xcassets in Resources */ = {isa = PBXBuildFile; fileRef = CC3467411AB8C94E00434630 /* Images.xcassets */; };
		CCDC0BFE1AB8B37800AF39F7 /* LaunchScreen.xib in Resources */ = {isa = PBXBuildFile; fileRef = CCDC0BFC1AB8B37800AF39F7 /* LaunchScreen.xib */; };
		CCDC0C0A1AB8B37800AF39F7 /* RSSReaderTests.swift in Sources */ = {isa = PBXBuildFile; fileRef = CCDC0C091AB8B37800AF39F7 /* RSSReaderTests.swift */; };
		CCDC0C141AB8B5E400AF39F7 /* CoreData.framework in Frameworks */ = {isa = PBXBuildFile; fileRef = CCDC0C131AB8B5E400AF39F7 /* CoreData.framework */; };
		CCDC0C241AB8B71900AF39F7 /* backbutton.png in Resources */ = {isa = PBXBuildFile; fileRef = CCDC0C1C1AB8B71900AF39F7 /* backbutton.png */; };
		CCDC0C251AB8B71900AF39F7 /* backbutton@2x.png in Resources */ = {isa = PBXBuildFile; fileRef = CCDC0C1D1AB8B71900AF39F7 /* backbutton@2x.png */; };
		CCDC0C261AB8B71900AF39F7 /* backbutton@3x.png in Resources */ = {isa = PBXBuildFile; fileRef = CCDC0C1E1AB8B71900AF39F7 /* backbutton@3x.png */; };
		CCDC0C271AB8B71900AF39F7 /* forwardbutton.png in Resources */ = {isa = PBXBuildFile; fileRef = CCDC0C1F1AB8B71900AF39F7 /* forwardbutton.png */; };
		CCDC0C281AB8B71900AF39F7 /* forwardbutton@2x.png in Resources */ = {isa = PBXBuildFile; fileRef = CCDC0C201AB8B71900AF39F7 /* forwardbutton@2x.png */; };
		CCDC0C291AB8B71900AF39F7 /* forwardbutton@3x.png in Resources */ = {isa = PBXBuildFile; fileRef = CCDC0C211AB8B71900AF39F7 /* forwardbutton@3x.png */; };
		CCDC0C2A1AB8B71900AF39F7 /* KINWebBrowserViewController.m in Sources */ = {isa = PBXBuildFile; fileRef = CCDC0C231AB8B71900AF39F7 /* KINWebBrowserViewController.m */; };
		CCDC0C2E1AB8B73400AF39F7 /* SVWebViewControllerActivity.m in Sources */ = {isa = PBXBuildFile; fileRef = CCDC0C2D1AB8B73400AF39F7 /* SVWebViewControllerActivity.m */; };
		CCDC0C341AB8B74500AF39F7 /* SVWebViewControllerActivitySafari-iPad.png in Resources */ = {isa = PBXBuildFile; fileRef = CCDC0C2F1AB8B74500AF39F7 /* SVWebViewControllerActivitySafari-iPad.png */; };
		CCDC0C351AB8B74500AF39F7 /* SVWebViewControllerActivitySafari-iPad@2x.png in Resources */ = {isa = PBXBuildFile; fileRef = CCDC0C301AB8B74500AF39F7 /* SVWebViewControllerActivitySafari-iPad@2x.png */; };
		CCDC0C361AB8B74500AF39F7 /* SVWebViewControllerActivitySafari.m in Sources */ = {isa = PBXBuildFile; fileRef = CCDC0C321AB8B74500AF39F7 /* SVWebViewControllerActivitySafari.m */; };
		CCDC0C371AB8B74500AF39F7 /* SVWebViewControllerActivitySafari@2x.png in Resources */ = {isa = PBXBuildFile; fileRef = CCDC0C331AB8B74500AF39F7 /* SVWebViewControllerActivitySafari@2x.png */; };
		CCDC0C401AB8B77400AF39F7 /* SVWebViewControllerActivityChrome-iPad.png in Resources */ = {isa = PBXBuildFile; fileRef = CCDC0C3B1AB8B77400AF39F7 /* SVWebViewControllerActivityChrome-iPad.png */; };
		CCDC0C411AB8B77400AF39F7 /* SVWebViewControllerActivityChrome-iPad@2x.png in Resources */ = {isa = PBXBuildFile; fileRef = CCDC0C3C1AB8B77400AF39F7 /* SVWebViewControllerActivityChrome-iPad@2x.png */; };
		CCDC0C421AB8B77400AF39F7 /* SVWebViewControllerActivityChrome.m in Sources */ = {isa = PBXBuildFile; fileRef = CCDC0C3E1AB8B77400AF39F7 /* SVWebViewControllerActivityChrome.m */; };
		CCDC0C431AB8B77400AF39F7 /* SVWebViewControllerActivityChrome@2x.png in Resources */ = {isa = PBXBuildFile; fileRef = CCDC0C3F1AB8B77400AF39F7 /* SVWebViewControllerActivityChrome@2x.png */; };
		CCDC0C461AB8B82B00AF39F7 /* CoreDataHelper.swift in Sources */ = {isa = PBXBuildFile; fileRef = CCDC0C451AB8B82B00AF39F7 /* CoreDataHelper.swift */; };
		CCDC0C571AB8B86400AF39F7 /* GTMNSString+HTML.m in Sources */ = {isa = PBXBuildFile; fileRef = CCDC0C491AB8B86400AF39F7 /* GTMNSString+HTML.m */; };
		CCDC0C581AB8B86400AF39F7 /* MWFeedInfo.m in Sources */ = {isa = PBXBuildFile; fileRef = CCDC0C4B1AB8B86400AF39F7 /* MWFeedInfo.m */; };
		CCDC0C591AB8B86400AF39F7 /* MWFeedItem.m in Sources */ = {isa = PBXBuildFile; fileRef = CCDC0C4D1AB8B86400AF39F7 /* MWFeedItem.m */; };
		CCDC0C5A1AB8B86400AF39F7 /* MWFeedParser.m in Sources */ = {isa = PBXBuildFile; fileRef = CCDC0C4F1AB8B86400AF39F7 /* MWFeedParser.m */; };
		CCDC0C5B1AB8B86400AF39F7 /* NSDate+InternetDateTime.m in Sources */ = {isa = PBXBuildFile; fileRef = CCDC0C521AB8B86400AF39F7 /* NSDate+InternetDateTime.m */; };
		CCDC0C5C1AB8B86400AF39F7 /* NSString+HTML.m in Sources */ = {isa = PBXBuildFile; fileRef = CCDC0C541AB8B86400AF39F7 /* NSString+HTML.m */; };
		CCDC0C5D1AB8B86400AF39F7 /* NSString+XMLEntities.m in Sources */ = {isa = PBXBuildFile; fileRef = CCDC0C561AB8B86400AF39F7 /* NSString+XMLEntities.m */; };
		CCDC0C721AB8B87800AF39F7 /* AFHTTPRequestOperation.m in Sources */ = {isa = PBXBuildFile; fileRef = CCDC0C601AB8B87800AF39F7 /* AFHTTPRequestOperation.m */; };
		CCDC0C731AB8B87800AF39F7 /* AFHTTPRequestOperationManager.m in Sources */ = {isa = PBXBuildFile; fileRef = CCDC0C621AB8B87800AF39F7 /* AFHTTPRequestOperationManager.m */; };
		CCDC0C741AB8B87800AF39F7 /* AFHTTPSessionManager.m in Sources */ = {isa = PBXBuildFile; fileRef = CCDC0C641AB8B87800AF39F7 /* AFHTTPSessionManager.m */; };
		CCDC0C751AB8B87800AF39F7 /* AFNetworkReachabilityManager.m in Sources */ = {isa = PBXBuildFile; fileRef = CCDC0C671AB8B87800AF39F7 /* AFNetworkReachabilityManager.m */; };
		CCDC0C761AB8B87800AF39F7 /* AFSecurityPolicy.m in Sources */ = {isa = PBXBuildFile; fileRef = CCDC0C691AB8B87800AF39F7 /* AFSecurityPolicy.m */; };
		CCDC0C771AB8B87800AF39F7 /* AFURLConnectionOperation.m in Sources */ = {isa = PBXBuildFile; fileRef = CCDC0C6B1AB8B87800AF39F7 /* AFURLConnectionOperation.m */; };
		CCDC0C781AB8B87800AF39F7 /* AFURLRequestSerialization.m in Sources */ = {isa = PBXBuildFile; fileRef = CCDC0C6D1AB8B87800AF39F7 /* AFURLRequestSerialization.m */; };
		CCDC0C791AB8B87800AF39F7 /* AFURLResponseSerialization.m in Sources */ = {isa = PBXBuildFile; fileRef = CCDC0C6F1AB8B87800AF39F7 /* AFURLResponseSerialization.m */; };
		CCDC0C7A1AB8B87800AF39F7 /* AFURLSessionManager.m in Sources */ = {isa = PBXBuildFile; fileRef = CCDC0C711AB8B87800AF39F7 /* AFURLSessionManager.m */; };
		CCDC0C8D1AB8B88E00AF39F7 /* AFNetworkActivityIndicatorManager.m in Sources */ = {isa = PBXBuildFile; fileRef = CCDC0C7D1AB8B88E00AF39F7 /* AFNetworkActivityIndicatorManager.m */; };
		CCDC0C8E1AB8B88E00AF39F7 /* UIActivityIndicatorView+AFNetworking.m in Sources */ = {isa = PBXBuildFile; fileRef = CCDC0C7F1AB8B88E00AF39F7 /* UIActivityIndicatorView+AFNetworking.m */; };
		CCDC0C8F1AB8B88E00AF39F7 /* UIAlertView+AFNetworking.m in Sources */ = {isa = PBXBuildFile; fileRef = CCDC0C811AB8B88E00AF39F7 /* UIAlertView+AFNetworking.m */; };
		CCDC0C901AB8B88E00AF39F7 /* UIButton+AFNetworking.m in Sources */ = {isa = PBXBuildFile; fileRef = CCDC0C831AB8B88E00AF39F7 /* UIButton+AFNetworking.m */; };
		CCDC0C911AB8B88E00AF39F7 /* UIImageView+AFNetworking.m in Sources */ = {isa = PBXBuildFile; fileRef = CCDC0C851AB8B88E00AF39F7 /* UIImageView+AFNetworking.m */; };
		CCDC0C921AB8B88E00AF39F7 /* UIProgressView+AFNetworking.m in Sources */ = {isa = PBXBuildFile; fileRef = CCDC0C881AB8B88E00AF39F7 /* UIProgressView+AFNetworking.m */; };
		CCDC0C931AB8B88E00AF39F7 /* UIRefreshControl+AFNetworking.m in Sources */ = {isa = PBXBuildFile; fileRef = CCDC0C8A1AB8B88E00AF39F7 /* UIRefreshControl+AFNetworking.m */; };
		CCDC0C941AB8B88E00AF39F7 /* UIWebView+AFNetworking.m in Sources */ = {isa = PBXBuildFile; fileRef = CCDC0C8C1AB8B88E00AF39F7 /* UIWebView+AFNetworking.m */; };
		CCDC0C971AB8B94200AF39F7 /* AppDelegate.swift in Sources */ = {isa = PBXBuildFile; fileRef = CCDC0C961AB8B94200AF39F7 /* AppDelegate.swift */; };
		CCDC0C9A1AB8B95B00AF39F7 /* SaveFeed.swift in Sources */ = {isa = PBXBuildFile; fileRef = CCDC0C981AB8B95B00AF39F7 /* SaveFeed.swift */; };
		CCDC0C9B1AB8B95B00AF39F7 /* UpdateDataManager.swift in Sources */ = {isa = PBXBuildFile; fileRef = CCDC0C991AB8B95B00AF39F7 /* UpdateDataManager.swift */; };
		CCDC0C9E1AB8B97100AF39F7 /* MainTableViewController.swift in Sources */ = {isa = PBXBuildFile; fileRef = CCDC0C9D1AB8B97100AF39F7 /* MainTableViewController.swift */; };
		CCDC0CA01AB8B97A00AF39F7 /* ArticleViewController.swift in Sources */ = {isa = PBXBuildFile; fileRef = CCDC0C9F1AB8B97A00AF39F7 /* ArticleViewController.swift */; };
		CCDC0CA31AB8B98000AF39F7 /* FeedTableViewCell.swift in Sources */ = {isa = PBXBuildFile; fileRef = CCDC0CA11AB8B98000AF39F7 /* FeedTableViewCell.swift */; };
		CCDC0CA41AB8B98000AF39F7 /* FeedTableViewCell.xib in Resources */ = {isa = PBXBuildFile; fileRef = CCDC0CA21AB8B98000AF39F7 /* FeedTableViewCell.xib */; };
		CCDC0CA61AB8B98E00AF39F7 /* Main.storyboard in Resources */ = {isa = PBXBuildFile; fileRef = CCDC0CA51AB8B98E00AF39F7 /* Main.storyboard */; };
		CCDC0CAA1AB8B9AA00AF39F7 /* SideBar.swift in Sources */ = {isa = PBXBuildFile; fileRef = CCDC0CA81AB8B9AA00AF39F7 /* SideBar.swift */; };
		CCDC0CAB1AB8B9AA00AF39F7 /* SideBarTableViewController.swift in Sources */ = {isa = PBXBuildFile; fileRef = CCDC0CA91AB8B9AA00AF39F7 /* SideBarTableViewController.swift */; };
		CCDC0CB21AB8B9D200AF39F7 /* Feed.m in Sources */ = {isa = PBXBuildFile; fileRef = CCDC0CAF1AB8B9D200AF39F7 /* Feed.m */; };
		CCDC0CB31AB8B9D200AF39F7 /* Article.m in Sources */ = {isa = PBXBuildFile; fileRef = CCDC0CB11AB8B9D200AF39F7 /* Article.m */; };
/* End PBXBuildFile section */

/* Begin PBXContainerItemProxy section */
		CCDC0C041AB8B37800AF39F7 /* PBXContainerItemProxy */ = {
			isa = PBXContainerItemProxy;
			containerPortal = CCDC0BE31AB8B37800AF39F7 /* Project object */;
			proxyType = 1;
			remoteGlobalIDString = CCDC0BEA1AB8B37800AF39F7;
			remoteInfo = RSSReader;
		};
/* End PBXContainerItemProxy section */

/* Begin PBXFileReference section */
		CC1672881AD6F4400003EF40 /* HTMLParser.swift */ = {isa = PBXFileReference; fileEncoding = 4; lastKnownFileType = sourcecode.swift; path = HTMLParser.swift; sourceTree = "<group>"; };
		CC34673F1AB8C8BB00434630 /* FeedModel.xcdatamodel */ = {isa = PBXFileReference; lastKnownFileType = wrapper.xcdatamodel; path = FeedModel.xcdatamodel; sourceTree = "<group>"; };
		CC3467411AB8C94E00434630 /* Images.xcassets */ = {isa = PBXFileReference; lastKnownFileType = folder.assetcatalog; path = Images.xcassets; sourceTree = "<group>"; };
		CCDC0BEB1AB8B37800AF39F7 /* RSSReader.app */ = {isa = PBXFileReference; explicitFileType = wrapper.application; includeInIndex = 0; path = RSSReader.app; sourceTree = BUILT_PRODUCTS_DIR; };
		CCDC0BFD1AB8B37800AF39F7 /* Base */ = {isa = PBXFileReference; lastKnownFileType = file.xib; name = Base; path = Base.lproj/LaunchScreen.xib; sourceTree = "<group>"; };
		CCDC0C031AB8B37800AF39F7 /* RSSReaderTests.xctest */ = {isa = PBXFileReference; explicitFileType = wrapper.cfbundle; includeInIndex = 0; path = RSSReaderTests.xctest; sourceTree = BUILT_PRODUCTS_DIR; };
		CCDC0C081AB8B37800AF39F7 /* Info.plist */ = {isa = PBXFileReference; lastKnownFileType = text.plist.xml; path = Info.plist; sourceTree = "<group>"; };
		CCDC0C091AB8B37800AF39F7 /* RSSReaderTests.swift */ = {isa = PBXFileReference; lastKnownFileType = sourcecode.swift; path = RSSReaderTests.swift; sourceTree = "<group>"; };
		CCDC0C131AB8B5E400AF39F7 /* CoreData.framework */ = {isa = PBXFileReference; lastKnownFileType = wrapper.framework; name = CoreData.framework; path = System/Library/Frameworks/CoreData.framework; sourceTree = SDKROOT; };
		CCDC0C151AB8B60A00AF39F7 /* Info.plist */ = {isa = PBXFileReference; fileEncoding = 4; lastKnownFileType = text.plist.xml; path = Info.plist; sourceTree = "<group>"; };
		CCDC0C1C1AB8B71900AF39F7 /* backbutton.png */ = {isa = PBXFileReference; lastKnownFileType = image.png; path = backbutton.png; sourceTree = "<group>"; };
		CCDC0C1D1AB8B71900AF39F7 /* backbutton@2x.png */ = {isa = PBXFileReference; lastKnownFileType = image.png; path = "backbutton@2x.png"; sourceTree = "<group>"; };
		CCDC0C1E1AB8B71900AF39F7 /* backbutton@3x.png */ = {isa = PBXFileReference; lastKnownFileType = image.png; path = "backbutton@3x.png"; sourceTree = "<group>"; };
		CCDC0C1F1AB8B71900AF39F7 /* forwardbutton.png */ = {isa = PBXFileReference; lastKnownFileType = image.png; path = forwardbutton.png; sourceTree = "<group>"; };
		CCDC0C201AB8B71900AF39F7 /* forwardbutton@2x.png */ = {isa = PBXFileReference; lastKnownFileType = image.png; path = "forwardbutton@2x.png"; sourceTree = "<group>"; };
		CCDC0C211AB8B71900AF39F7 /* forwardbutton@3x.png */ = {isa = PBXFileReference; lastKnownFileType = image.png; path = "forwardbutton@3x.png"; sourceTree = "<group>"; };
		CCDC0C221AB8B71900AF39F7 /* KINWebBrowserViewController.h */ = {isa = PBXFileReference; fileEncoding = 4; lastKnownFileType = sourcecode.c.h; path = KINWebBrowserViewController.h; sourceTree = "<group>"; };
		CCDC0C231AB8B71900AF39F7 /* KINWebBrowserViewController.m */ = {isa = PBXFileReference; fileEncoding = 4; lastKnownFileType = sourcecode.c.objc; path = KINWebBrowserViewController.m; sourceTree = "<group>"; };
		CCDC0C2C1AB8B73400AF39F7 /* SVWebViewControllerActivity.h */ = {isa = PBXFileReference; fileEncoding = 4; lastKnownFileType = sourcecode.c.h; path = SVWebViewControllerActivity.h; sourceTree = "<group>"; };
		CCDC0C2D1AB8B73400AF39F7 /* SVWebViewControllerActivity.m */ = {isa = PBXFileReference; fileEncoding = 4; lastKnownFileType = sourcecode.c.objc; path = SVWebViewControllerActivity.m; sourceTree = "<group>"; };
		CCDC0C2F1AB8B74500AF39F7 /* SVWebViewControllerActivitySafari-iPad.png */ = {isa = PBXFileReference; lastKnownFileType = image.png; path = "SVWebViewControllerActivitySafari-iPad.png"; sourceTree = "<group>"; };
		CCDC0C301AB8B74500AF39F7 /* SVWebViewControllerActivitySafari-iPad@2x.png */ = {isa = PBXFileReference; lastKnownFileType = image.png; path = "SVWebViewControllerActivitySafari-iPad@2x.png"; sourceTree = "<group>"; };
		CCDC0C311AB8B74500AF39F7 /* SVWebViewControllerActivitySafari.h */ = {isa = PBXFileReference; fileEncoding = 4; lastKnownFileType = sourcecode.c.h; path = SVWebViewControllerActivitySafari.h; sourceTree = "<group>"; };
		CCDC0C321AB8B74500AF39F7 /* SVWebViewControllerActivitySafari.m */ = {isa = PBXFileReference; fileEncoding = 4; lastKnownFileType = sourcecode.c.objc; path = SVWebViewControllerActivitySafari.m; sourceTree = "<group>"; };
		CCDC0C331AB8B74500AF39F7 /* SVWebViewControllerActivitySafari@2x.png */ = {isa = PBXFileReference; lastKnownFileType = image.png; path = "SVWebViewControllerActivitySafari@2x.png"; sourceTree = "<group>"; };
		CCDC0C3B1AB8B77400AF39F7 /* SVWebViewControllerActivityChrome-iPad.png */ = {isa = PBXFileReference; lastKnownFileType = image.png; path = "SVWebViewControllerActivityChrome-iPad.png"; sourceTree = "<group>"; };
		CCDC0C3C1AB8B77400AF39F7 /* SVWebViewControllerActivityChrome-iPad@2x.png */ = {isa = PBXFileReference; lastKnownFileType = image.png; path = "SVWebViewControllerActivityChrome-iPad@2x.png"; sourceTree = "<group>"; };
		CCDC0C3D1AB8B77400AF39F7 /* SVWebViewControllerActivityChrome.h */ = {isa = PBXFileReference; fileEncoding = 4; lastKnownFileType = sourcecode.c.h; path = SVWebViewControllerActivityChrome.h; sourceTree = "<group>"; };
		CCDC0C3E1AB8B77400AF39F7 /* SVWebViewControllerActivityChrome.m */ = {isa = PBXFileReference; fileEncoding = 4; lastKnownFileType = sourcecode.c.objc; path = SVWebViewControllerActivityChrome.m; sourceTree = "<group>"; };
		CCDC0C3F1AB8B77400AF39F7 /* SVWebViewControllerActivityChrome@2x.png */ = {isa = PBXFileReference; lastKnownFileType = image.png; path = "SVWebViewControllerActivityChrome@2x.png"; sourceTree = "<group>"; };
		CCDC0C451AB8B82B00AF39F7 /* CoreDataHelper.swift */ = {isa = PBXFileReference; fileEncoding = 4; lastKnownFileType = sourcecode.swift; path = CoreDataHelper.swift; sourceTree = "<group>"; };
		CCDC0C481AB8B86400AF39F7 /* GTMNSString+HTML.h */ = {isa = PBXFileReference; fileEncoding = 4; lastKnownFileType = sourcecode.c.h; path = "GTMNSString+HTML.h"; sourceTree = "<group>"; };
		CCDC0C491AB8B86400AF39F7 /* GTMNSString+HTML.m */ = {isa = PBXFileReference; fileEncoding = 4; lastKnownFileType = sourcecode.c.objc; path = "GTMNSString+HTML.m"; sourceTree = "<group>"; };
		CCDC0C4A1AB8B86400AF39F7 /* MWFeedInfo.h */ = {isa = PBXFileReference; fileEncoding = 4; lastKnownFileType = sourcecode.c.h; path = MWFeedInfo.h; sourceTree = "<group>"; };
		CCDC0C4B1AB8B86400AF39F7 /* MWFeedInfo.m */ = {isa = PBXFileReference; fileEncoding = 4; lastKnownFileType = sourcecode.c.objc; path = MWFeedInfo.m; sourceTree = "<group>"; };
		CCDC0C4C1AB8B86400AF39F7 /* MWFeedItem.h */ = {isa = PBXFileReference; fileEncoding = 4; lastKnownFileType = sourcecode.c.h; path = MWFeedItem.h; sourceTree = "<group>"; };
		CCDC0C4D1AB8B86400AF39F7 /* MWFeedItem.m */ = {isa = PBXFileReference; fileEncoding = 4; lastKnownFileType = sourcecode.c.objc; path = MWFeedItem.m; sourceTree = "<group>"; };
		CCDC0C4E1AB8B86400AF39F7 /* MWFeedParser.h */ = {isa = PBXFileReference; fileEncoding = 4; lastKnownFileType = sourcecode.c.h; path = MWFeedParser.h; sourceTree = "<group>"; };
		CCDC0C4F1AB8B86400AF39F7 /* MWFeedParser.m */ = {isa = PBXFileReference; fileEncoding = 4; lastKnownFileType = sourcecode.c.objc; path = MWFeedParser.m; sourceTree = "<group>"; };
		CCDC0C501AB8B86400AF39F7 /* MWFeedParser_Private.h */ = {isa = PBXFileReference; fileEncoding = 4; lastKnownFileType = sourcecode.c.h; path = MWFeedParser_Private.h; sourceTree = "<group>"; };
		CCDC0C511AB8B86400AF39F7 /* NSDate+InternetDateTime.h */ = {isa = PBXFileReference; fileEncoding = 4; lastKnownFileType = sourcecode.c.h; path = "NSDate+InternetDateTime.h"; sourceTree = "<group>"; };
		CCDC0C521AB8B86400AF39F7 /* NSDate+InternetDateTime.m */ = {isa = PBXFileReference; fileEncoding = 4; lastKnownFileType = sourcecode.c.objc; path = "NSDate+InternetDateTime.m"; sourceTree = "<group>"; };
		CCDC0C531AB8B86400AF39F7 /* NSString+HTML.h */ = {isa = PBXFileReference; fileEncoding = 4; lastKnownFileType = sourcecode.c.h; path = "NSString+HTML.h"; sourceTree = "<group>"; };
		CCDC0C541AB8B86400AF39F7 /* NSString+HTML.m */ = {isa = PBXFileReference; fileEncoding = 4; lastKnownFileType = sourcecode.c.objc; path = "NSString+HTML.m"; sourceTree = "<group>"; };
		CCDC0C551AB8B86400AF39F7 /* NSString+XMLEntities.h */ = {isa = PBXFileReference; fileEncoding = 4; lastKnownFileType = sourcecode.c.h; path = "NSString+XMLEntities.h"; sourceTree = "<group>"; };
		CCDC0C561AB8B86400AF39F7 /* NSString+XMLEntities.m */ = {isa = PBXFileReference; fileEncoding = 4; lastKnownFileType = sourcecode.c.objc; path = "NSString+XMLEntities.m"; sourceTree = "<group>"; };
		CCDC0C5F1AB8B87800AF39F7 /* AFHTTPRequestOperation.h */ = {isa = PBXFileReference; fileEncoding = 4; lastKnownFileType = sourcecode.c.h; path = AFHTTPRequestOperation.h; sourceTree = "<group>"; };
		CCDC0C601AB8B87800AF39F7 /* AFHTTPRequestOperation.m */ = {isa = PBXFileReference; fileEncoding = 4; lastKnownFileType = sourcecode.c.objc; path = AFHTTPRequestOperation.m; sourceTree = "<group>"; };
		CCDC0C611AB8B87800AF39F7 /* AFHTTPRequestOperationManager.h */ = {isa = PBXFileReference; fileEncoding = 4; lastKnownFileType = sourcecode.c.h; path = AFHTTPRequestOperationManager.h; sourceTree = "<group>"; };
		CCDC0C621AB8B87800AF39F7 /* AFHTTPRequestOperationManager.m */ = {isa = PBXFileReference; fileEncoding = 4; lastKnownFileType = sourcecode.c.objc; path = AFHTTPRequestOperationManager.m; sourceTree = "<group>"; };
		CCDC0C631AB8B87800AF39F7 /* AFHTTPSessionManager.h */ = {isa = PBXFileReference; fileEncoding = 4; lastKnownFileType = sourcecode.c.h; path = AFHTTPSessionManager.h; sourceTree = "<group>"; };
		CCDC0C641AB8B87800AF39F7 /* AFHTTPSessionManager.m */ = {isa = PBXFileReference; fileEncoding = 4; lastKnownFileType = sourcecode.c.objc; path = AFHTTPSessionManager.m; sourceTree = "<group>"; };
		CCDC0C651AB8B87800AF39F7 /* AFNetworking.h */ = {isa = PBXFileReference; fileEncoding = 4; lastKnownFileType = sourcecode.c.h; path = AFNetworking.h; sourceTree = "<group>"; };
		CCDC0C661AB8B87800AF39F7 /* AFNetworkReachabilityManager.h */ = {isa = PBXFileReference; fileEncoding = 4; lastKnownFileType = sourcecode.c.h; path = AFNetworkReachabilityManager.h; sourceTree = "<group>"; };
		CCDC0C671AB8B87800AF39F7 /* AFNetworkReachabilityManager.m */ = {isa = PBXFileReference; fileEncoding = 4; lastKnownFileType = sourcecode.c.objc; path = AFNetworkReachabilityManager.m; sourceTree = "<group>"; };
		CCDC0C681AB8B87800AF39F7 /* AFSecurityPolicy.h */ = {isa = PBXFileReference; fileEncoding = 4; lastKnownFileType = sourcecode.c.h; path = AFSecurityPolicy.h; sourceTree = "<group>"; };
		CCDC0C691AB8B87800AF39F7 /* AFSecurityPolicy.m */ = {isa = PBXFileReference; fileEncoding = 4; lastKnownFileType = sourcecode.c.objc; path = AFSecurityPolicy.m; sourceTree = "<group>"; };
		CCDC0C6A1AB8B87800AF39F7 /* AFURLConnectionOperation.h */ = {isa = PBXFileReference; fileEncoding = 4; lastKnownFileType = sourcecode.c.h; path = AFURLConnectionOperation.h; sourceTree = "<group>"; };
		CCDC0C6B1AB8B87800AF39F7 /* AFURLConnectionOperation.m */ = {isa = PBXFileReference; fileEncoding = 4; lastKnownFileType = sourcecode.c.objc; path = AFURLConnectionOperation.m; sourceTree = "<group>"; };
		CCDC0C6C1AB8B87800AF39F7 /* AFURLRequestSerialization.h */ = {isa = PBXFileReference; fileEncoding = 4; lastKnownFileType = sourcecode.c.h; path = AFURLRequestSerialization.h; sourceTree = "<group>"; };
		CCDC0C6D1AB8B87800AF39F7 /* AFURLRequestSerialization.m */ = {isa = PBXFileReference; fileEncoding = 4; lastKnownFileType = sourcecode.c.objc; path = AFURLRequestSerialization.m; sourceTree = "<group>"; };
		CCDC0C6E1AB8B87800AF39F7 /* AFURLResponseSerialization.h */ = {isa = PBXFileReference; fileEncoding = 4; lastKnownFileType = sourcecode.c.h; path = AFURLResponseSerialization.h; sourceTree = "<group>"; };
		CCDC0C6F1AB8B87800AF39F7 /* AFURLResponseSerialization.m */ = {isa = PBXFileReference; fileEncoding = 4; lastKnownFileType = sourcecode.c.objc; path = AFURLResponseSerialization.m; sourceTree = "<group>"; };
		CCDC0C701AB8B87800AF39F7 /* AFURLSessionManager.h */ = {isa = PBXFileReference; fileEncoding = 4; lastKnownFileType = sourcecode.c.h; path = AFURLSessionManager.h; sourceTree = "<group>"; };
		CCDC0C711AB8B87800AF39F7 /* AFURLSessionManager.m */ = {isa = PBXFileReference; fileEncoding = 4; lastKnownFileType = sourcecode.c.objc; path = AFURLSessionManager.m; sourceTree = "<group>"; };
		CCDC0C7C1AB8B88E00AF39F7 /* AFNetworkActivityIndicatorManager.h */ = {isa = PBXFileReference; fileEncoding = 4; lastKnownFileType = sourcecode.c.h; path = AFNetworkActivityIndicatorManager.h; sourceTree = "<group>"; };
		CCDC0C7D1AB8B88E00AF39F7 /* AFNetworkActivityIndicatorManager.m */ = {isa = PBXFileReference; fileEncoding = 4; lastKnownFileType = sourcecode.c.objc; path = AFNetworkActivityIndicatorManager.m; sourceTree = "<group>"; };
		CCDC0C7E1AB8B88E00AF39F7 /* UIActivityIndicatorView+AFNetworking.h */ = {isa = PBXFileReference; fileEncoding = 4; lastKnownFileType = sourcecode.c.h; path = "UIActivityIndicatorView+AFNetworking.h"; sourceTree = "<group>"; };
		CCDC0C7F1AB8B88E00AF39F7 /* UIActivityIndicatorView+AFNetworking.m */ = {isa = PBXFileReference; fileEncoding = 4; lastKnownFileType = sourcecode.c.objc; path = "UIActivityIndicatorView+AFNetworking.m"; sourceTree = "<group>"; };
		CCDC0C801AB8B88E00AF39F7 /* UIAlertView+AFNetworking.h */ = {isa = PBXFileReference; fileEncoding = 4; lastKnownFileType = sourcecode.c.h; path = "UIAlertView+AFNetworking.h"; sourceTree = "<group>"; };
		CCDC0C811AB8B88E00AF39F7 /* UIAlertView+AFNetworking.m */ = {isa = PBXFileReference; fileEncoding = 4; lastKnownFileType = sourcecode.c.objc; path = "UIAlertView+AFNetworking.m"; sourceTree = "<group>"; };
		CCDC0C821AB8B88E00AF39F7 /* UIButton+AFNetworking.h */ = {isa = PBXFileReference; fileEncoding = 4; lastKnownFileType = sourcecode.c.h; path = "UIButton+AFNetworking.h"; sourceTree = "<group>"; };
		CCDC0C831AB8B88E00AF39F7 /* UIButton+AFNetworking.m */ = {isa = PBXFileReference; fileEncoding = 4; lastKnownFileType = sourcecode.c.objc; path = "UIButton+AFNetworking.m"; sourceTree = "<group>"; };
		CCDC0C841AB8B88E00AF39F7 /* UIImageView+AFNetworking.h */ = {isa = PBXFileReference; fileEncoding = 4; lastKnownFileType = sourcecode.c.h; path = "UIImageView+AFNetworking.h"; sourceTree = "<group>"; };
		CCDC0C851AB8B88E00AF39F7 /* UIImageView+AFNetworking.m */ = {isa = PBXFileReference; fileEncoding = 4; lastKnownFileType = sourcecode.c.objc; path = "UIImageView+AFNetworking.m"; sourceTree = "<group>"; };
		CCDC0C861AB8B88E00AF39F7 /* UIKit+AFNetworking.h */ = {isa = PBXFileReference; fileEncoding = 4; lastKnownFileType = sourcecode.c.h; path = "UIKit+AFNetworking.h"; sourceTree = "<group>"; };
		CCDC0C871AB8B88E00AF39F7 /* UIProgressView+AFNetworking.h */ = {isa = PBXFileReference; fileEncoding = 4; lastKnownFileType = sourcecode.c.h; path = "UIProgressView+AFNetworking.h"; sourceTree = "<group>"; };
		CCDC0C881AB8B88E00AF39F7 /* UIProgressView+AFNetworking.m */ = {isa = PBXFileReference; fileEncoding = 4; lastKnownFileType = sourcecode.c.objc; path = "UIProgressView+AFNetworking.m"; sourceTree = "<group>"; };
		CCDC0C891AB8B88E00AF39F7 /* UIRefreshControl+AFNetworking.h */ = {isa = PBXFileReference; fileEncoding = 4; lastKnownFileType = sourcecode.c.h; path = "UIRefreshControl+AFNetworking.h"; sourceTree = "<group>"; };
		CCDC0C8A1AB8B88E00AF39F7 /* UIRefreshControl+AFNetworking.m */ = {isa = PBXFileReference; fileEncoding = 4; lastKnownFileType = sourcecode.c.objc; path = "UIRefreshControl+AFNetworking.m"; sourceTree = "<group>"; };
		CCDC0C8B1AB8B88E00AF39F7 /* UIWebView+AFNetworking.h */ = {isa = PBXFileReference; fileEncoding = 4; lastKnownFileType = sourcecode.c.h; path = "UIWebView+AFNetworking.h"; sourceTree = "<group>"; };
		CCDC0C8C1AB8B88E00AF39F7 /* UIWebView+AFNetworking.m */ = {isa = PBXFileReference; fileEncoding = 4; lastKnownFileType = sourcecode.c.objc; path = "UIWebView+AFNetworking.m"; sourceTree = "<group>"; };
		CCDC0C951AB8B8A500AF39F7 /* ObjcBridgingHeader.h */ = {isa = PBXFileReference; lastKnownFileType = sourcecode.c.h; path = ObjcBridgingHeader.h; sourceTree = "<group>"; };
		CCDC0C961AB8B94200AF39F7 /* AppDelegate.swift */ = {isa = PBXFileReference; fileEncoding = 4; lastKnownFileType = sourcecode.swift; path = AppDelegate.swift; sourceTree = "<group>"; };
		CCDC0C981AB8B95B00AF39F7 /* SaveFeed.swift */ = {isa = PBXFileReference; fileEncoding = 4; lastKnownFileType = sourcecode.swift; path = SaveFeed.swift; sourceTree = "<group>"; };
		CCDC0C991AB8B95B00AF39F7 /* UpdateDataManager.swift */ = {isa = PBXFileReference; fileEncoding = 4; lastKnownFileType = sourcecode.swift; path = UpdateDataManager.swift; sourceTree = "<group>"; };
		CCDC0C9D1AB8B97100AF39F7 /* MainTableViewController.swift */ = {isa = PBXFileReference; fileEncoding = 4; lastKnownFileType = sourcecode.swift; path = MainTableViewController.swift; sourceTree = "<group>"; };
		CCDC0C9F1AB8B97A00AF39F7 /* ArticleViewController.swift */ = {isa = PBXFileReference; fileEncoding = 4; lastKnownFileType = sourcecode.swift; path = ArticleViewController.swift; sourceTree = "<group>"; };
		CCDC0CA11AB8B98000AF39F7 /* FeedTableViewCell.swift */ = {isa = PBXFileReference; fileEncoding = 4; lastKnownFileType = sourcecode.swift; path = FeedTableViewCell.swift; sourceTree = "<group>"; };
		CCDC0CA21AB8B98000AF39F7 /* FeedTableViewCell.xib */ = {isa = PBXFileReference; fileEncoding = 4; lastKnownFileType = file.xib; path = FeedTableViewCell.xib; sourceTree = "<group>"; };
		CCDC0CA51AB8B98E00AF39F7 /* Main.storyboard */ = {isa = PBXFileReference; fileEncoding = 4; lastKnownFileType = file.storyboard; path = Main.storyboard; sourceTree = "<group>"; };
		CCDC0CA81AB8B9AA00AF39F7 /* SideBar.swift */ = {isa = PBXFileReference; fileEncoding = 4; lastKnownFileType = sourcecode.swift; path = SideBar.swift; sourceTree = "<group>"; };
		CCDC0CA91AB8B9AA00AF39F7 /* SideBarTableViewController.swift */ = {isa = PBXFileReference; fileEncoding = 4; lastKnownFileType = sourcecode.swift; path = SideBarTableViewController.swift; sourceTree = "<group>"; };
		CCDC0CAE1AB8B9D200AF39F7 /* Feed.h */ = {isa = PBXFileReference; fileEncoding = 4; lastKnownFileType = sourcecode.c.h; path = Feed.h; sourceTree = "<group>"; };
		CCDC0CAF1AB8B9D200AF39F7 /* Feed.m */ = {isa = PBXFileReference; fileEncoding = 4; lastKnownFileType = sourcecode.c.objc; path = Feed.m; sourceTree = "<group>"; };
		CCDC0CB01AB8B9D200AF39F7 /* Article.h */ = {isa = PBXFileReference; fileEncoding = 4; lastKnownFileType = sourcecode.c.h; path = Article.h; sourceTree = "<group>"; };
		CCDC0CB11AB8B9D200AF39F7 /* Article.m */ = {isa = PBXFileReference; fileEncoding = 4; lastKnownFileType = sourcecode.c.objc; path = Article.m; sourceTree = "<group>"; };
/* End PBXFileReference section */

/* Begin PBXFrameworksBuildPhase section */
		CCDC0BE81AB8B37800AF39F7 /* Frameworks */ = {
			isa = PBXFrameworksBuildPhase;
			buildActionMask = 2147483647;
			files = (
				CCDC0C141AB8B5E400AF39F7 /* CoreData.framework in Frameworks */,
			);
			runOnlyForDeploymentPostprocessing = 0;
		};
		CCDC0C001AB8B37800AF39F7 /* Frameworks */ = {
			isa = PBXFrameworksBuildPhase;
			buildActionMask = 2147483647;
			files = (
			);
			runOnlyForDeploymentPostprocessing = 0;
		};
/* End PBXFrameworksBuildPhase section */

/* Begin PBXGroup section */
		CCDC0BE21AB8B37800AF39F7 = {
			isa = PBXGroup;
			children = (
				CCDC0C131AB8B5E400AF39F7 /* CoreData.framework */,
				CCDC0BED1AB8B37800AF39F7 /* RSSReader */,
				CCDC0C061AB8B37800AF39F7 /* RSSReaderTests */,
				CCDC0BEC1AB8B37800AF39F7 /* Products */,
			);
			sourceTree = "<group>";
		};
		CCDC0BEC1AB8B37800AF39F7 /* Products */ = {
			isa = PBXGroup;
			children = (
				CCDC0BEB1AB8B37800AF39F7 /* RSSReader.app */,
				CCDC0C031AB8B37800AF39F7 /* RSSReaderTests.xctest */,
			);
			name = Products;
			sourceTree = "<group>";
		};
		CCDC0BED1AB8B37800AF39F7 /* RSSReader */ = {
			isa = PBXGroup;
			children = (
				CCDC0C961AB8B94200AF39F7 /* AppDelegate.swift */,
				CCDC0C9D1AB8B97100AF39F7 /* MainTableViewController.swift */,
				CCDC0C9F1AB8B97A00AF39F7 /* ArticleViewController.swift */,
				CC1672881AD6F4400003EF40 /* HTMLParser.swift */,
				CCDC0CA11AB8B98000AF39F7 /* FeedTableViewCell.swift */,
				CCDC0CA21AB8B98000AF39F7 /* FeedTableViewCell.xib */,
				CCDC0CA51AB8B98E00AF39F7 /* Main.storyboard */,
				CC34673E1AB8C8BB00434630 /* FeedModel.xcdatamodeld */,
				CCDC0CB41AB8B9D700AF39F7 /* CoreData */,
				CCDC0CA71AB8B99F00AF39F7 /* SideBar */,
				CCDC0C9C1AB8B96100AF39F7 /* FeedManager */,
				CCDC0C171AB8B60E00AF39F7 /* Supporting Files */,
			);
			path = RSSReader;
			sourceTree = "<group>";
		};
		CCDC0C061AB8B37800AF39F7 /* RSSReaderTests */ = {
			isa = PBXGroup;
			children = (
				CCDC0C091AB8B37800AF39F7 /* RSSReaderTests.swift */,
				CCDC0C071AB8B37800AF39F7 /* Supporting Files */,
			);
			path = RSSReaderTests;
			sourceTree = "<group>";
		};
		CCDC0C071AB8B37800AF39F7 /* Supporting Files */ = {
			isa = PBXGroup;
			children = (
				CCDC0C081AB8B37800AF39F7 /* Info.plist */,
			);
			path = "Supporting Files";
			sourceTree = "<group>";
		};
		CCDC0C171AB8B60E00AF39F7 /* Supporting Files */ = {
			isa = PBXGroup;
			children = (
				CC3467411AB8C94E00434630 /* Images.xcassets */,
				CCDC0BFC1AB8B37800AF39F7 /* LaunchScreen.xib */,
				CCDC0C151AB8B60A00AF39F7 /* Info.plist */,
				CCDC0C451AB8B82B00AF39F7 /* CoreDataHelper.swift */,
				CCDC0C951AB8B8A500AF39F7 /* ObjcBridgingHeader.h */,
				CCDC0C181AB8B62200AF39F7 /* Libaries */,
			);
			path = "Supporting Files";
			sourceTree = "<group>";
		};
		CCDC0C181AB8B62200AF39F7 /* Libaries */ = {
			isa = PBXGroup;
			children = (
				CCDC0C5E1AB8B86900AF39F7 /* AFNetworking */,
				CCDC0C471AB8B85400AF39F7 /* MWFeedParser */,
				CCDC0C191AB8B64800AF39F7 /* Webbrowser */,
			);
			path = Libaries;
			sourceTree = "<group>";
		};
		CCDC0C191AB8B64800AF39F7 /* Webbrowser */ = {
			isa = PBXGroup;
			children = (
				CCDC0C381AB8B75500AF39F7 /* Share Sheet */,
				CCDC0C1B1AB8B67700AF39F7 /* KINWebbBrowser */,
			);
			path = Webbrowser;
			sourceTree = "<group>";
		};
		CCDC0C1B1AB8B67700AF39F7 /* KINWebbBrowser */ = {
			isa = PBXGroup;
			children = (
				CCDC0C2B1AB8B72300AF39F7 /* Assets */,
				CCDC0C221AB8B71900AF39F7 /* KINWebBrowserViewController.h */,
				CCDC0C231AB8B71900AF39F7 /* KINWebBrowserViewController.m */,
			);
			path = KINWebbBrowser;
			sourceTree = "<group>";
		};
		CCDC0C2B1AB8B72300AF39F7 /* Assets */ = {
			isa = PBXGroup;
			children = (
				CCDC0C1C1AB8B71900AF39F7 /* backbutton.png */,
				CCDC0C1D1AB8B71900AF39F7 /* backbutton@2x.png */,
				CCDC0C1E1AB8B71900AF39F7 /* backbutton@3x.png */,
				CCDC0C1F1AB8B71900AF39F7 /* forwardbutton.png */,
				CCDC0C201AB8B71900AF39F7 /* forwardbutton@2x.png */,
				CCDC0C211AB8B71900AF39F7 /* forwardbutton@3x.png */,
			);
			path = Assets;
			sourceTree = "<group>";
		};
		CCDC0C381AB8B75500AF39F7 /* Share Sheet */ = {
			isa = PBXGroup;
			children = (
				CCDC0C3D1AB8B77400AF39F7 /* SVWebViewControllerActivityChrome.h */,
				CCDC0C3E1AB8B77400AF39F7 /* SVWebViewControllerActivityChrome.m */,
				CCDC0C2D1AB8B73400AF39F7 /* SVWebViewControllerActivity.m */,
				CCDC0C321AB8B74500AF39F7 /* SVWebViewControllerActivitySafari.m */,
				CCDC0C2C1AB8B73400AF39F7 /* SVWebViewControllerActivity.h */,
				CCDC0C311AB8B74500AF39F7 /* SVWebViewControllerActivitySafari.h */,
				CCDC0C391AB8B76200AF39F7 /* Assets */,
			);
			path = "Share Sheet";
			sourceTree = "<group>";
		};
		CCDC0C391AB8B76200AF39F7 /* Assets */ = {
			isa = PBXGroup;
			children = (
				CCDC0C441AB8B79000AF39F7 /* Chrome */,
				CCDC0C3A1AB8B76A00AF39F7 /* Safari */,
			);
			path = Assets;
			sourceTree = "<group>";
		};
		CCDC0C3A1AB8B76A00AF39F7 /* Safari */ = {
			isa = PBXGroup;
			children = (
				CCDC0C2F1AB8B74500AF39F7 /* SVWebViewControllerActivitySafari-iPad.png */,
				CCDC0C301AB8B74500AF39F7 /* SVWebViewControllerActivitySafari-iPad@2x.png */,
				CCDC0C331AB8B74500AF39F7 /* SVWebViewControllerActivitySafari@2x.png */,
			);
			path = Safari;
			sourceTree = "<group>";
		};
		CCDC0C441AB8B79000AF39F7 /* Chrome */ = {
			isa = PBXGroup;
			children = (
				CCDC0C3B1AB8B77400AF39F7 /* SVWebViewControllerActivityChrome-iPad.png */,
				CCDC0C3C1AB8B77400AF39F7 /* SVWebViewControllerActivityChrome-iPad@2x.png */,
				CCDC0C3F1AB8B77400AF39F7 /* SVWebViewControllerActivityChrome@2x.png */,
			);
			path = Chrome;
			sourceTree = "<group>";
		};
		CCDC0C471AB8B85400AF39F7 /* MWFeedParser */ = {
			isa = PBXGroup;
			children = (
				CCDC0C481AB8B86400AF39F7 /* GTMNSString+HTML.h */,
				CCDC0C491AB8B86400AF39F7 /* GTMNSString+HTML.m */,
				CCDC0C4A1AB8B86400AF39F7 /* MWFeedInfo.h */,
				CCDC0C4B1AB8B86400AF39F7 /* MWFeedInfo.m */,
				CCDC0C4C1AB8B86400AF39F7 /* MWFeedItem.h */,
				CCDC0C4D1AB8B86400AF39F7 /* MWFeedItem.m */,
				CCDC0C4E1AB8B86400AF39F7 /* MWFeedParser.h */,
				CCDC0C4F1AB8B86400AF39F7 /* MWFeedParser.m */,
				CCDC0C501AB8B86400AF39F7 /* MWFeedParser_Private.h */,
				CCDC0C511AB8B86400AF39F7 /* NSDate+InternetDateTime.h */,
				CCDC0C521AB8B86400AF39F7 /* NSDate+InternetDateTime.m */,
				CCDC0C531AB8B86400AF39F7 /* NSString+HTML.h */,
				CCDC0C541AB8B86400AF39F7 /* NSString+HTML.m */,
				CCDC0C551AB8B86400AF39F7 /* NSString+XMLEntities.h */,
				CCDC0C561AB8B86400AF39F7 /* NSString+XMLEntities.m */,
			);
			path = MWFeedParser;
			sourceTree = "<group>";
		};
		CCDC0C5E1AB8B86900AF39F7 /* AFNetworking */ = {
			isa = PBXGroup;
			children = (
				CCDC0C7B1AB8B88000AF39F7 /* UIKit+AFNetworking */,
				CCDC0C5F1AB8B87800AF39F7 /* AFHTTPRequestOperation.h */,
				CCDC0C601AB8B87800AF39F7 /* AFHTTPRequestOperation.m */,
				CCDC0C611AB8B87800AF39F7 /* AFHTTPRequestOperationManager.h */,
				CCDC0C621AB8B87800AF39F7 /* AFHTTPRequestOperationManager.m */,
				CCDC0C631AB8B87800AF39F7 /* AFHTTPSessionManager.h */,
				CCDC0C641AB8B87800AF39F7 /* AFHTTPSessionManager.m */,
				CCDC0C651AB8B87800AF39F7 /* AFNetworking.h */,
				CCDC0C661AB8B87800AF39F7 /* AFNetworkReachabilityManager.h */,
				CCDC0C671AB8B87800AF39F7 /* AFNetworkReachabilityManager.m */,
				CCDC0C681AB8B87800AF39F7 /* AFSecurityPolicy.h */,
				CCDC0C691AB8B87800AF39F7 /* AFSecurityPolicy.m */,
				CCDC0C6A1AB8B87800AF39F7 /* AFURLConnectionOperation.h */,
				CCDC0C6B1AB8B87800AF39F7 /* AFURLConnectionOperation.m */,
				CCDC0C6C1AB8B87800AF39F7 /* AFURLRequestSerialization.h */,
				CCDC0C6D1AB8B87800AF39F7 /* AFURLRequestSerialization.m */,
				CCDC0C6E1AB8B87800AF39F7 /* AFURLResponseSerialization.h */,
				CCDC0C6F1AB8B87800AF39F7 /* AFURLResponseSerialization.m */,
				CCDC0C701AB8B87800AF39F7 /* AFURLSessionManager.h */,
				CCDC0C711AB8B87800AF39F7 /* AFURLSessionManager.m */,
			);
			path = AFNetworking;
			sourceTree = "<group>";
		};
		CCDC0C7B1AB8B88000AF39F7 /* UIKit+AFNetworking */ = {
			isa = PBXGroup;
			children = (
				CCDC0C7C1AB8B88E00AF39F7 /* AFNetworkActivityIndicatorManager.h */,
				CCDC0C7D1AB8B88E00AF39F7 /* AFNetworkActivityIndicatorManager.m */,
				CCDC0C7E1AB8B88E00AF39F7 /* UIActivityIndicatorView+AFNetworking.h */,
				CCDC0C7F1AB8B88E00AF39F7 /* UIActivityIndicatorView+AFNetworking.m */,
				CCDC0C801AB8B88E00AF39F7 /* UIAlertView+AFNetworking.h */,
				CCDC0C811AB8B88E00AF39F7 /* UIAlertView+AFNetworking.m */,
				CCDC0C821AB8B88E00AF39F7 /* UIButton+AFNetworking.h */,
				CCDC0C831AB8B88E00AF39F7 /* UIButton+AFNetworking.m */,
				CCDC0C841AB8B88E00AF39F7 /* UIImageView+AFNetworking.h */,
				CCDC0C851AB8B88E00AF39F7 /* UIImageView+AFNetworking.m */,
				CCDC0C861AB8B88E00AF39F7 /* UIKit+AFNetworking.h */,
				CCDC0C871AB8B88E00AF39F7 /* UIProgressView+AFNetworking.h */,
				CCDC0C881AB8B88E00AF39F7 /* UIProgressView+AFNetworking.m */,
				CCDC0C891AB8B88E00AF39F7 /* UIRefreshControl+AFNetworking.h */,
				CCDC0C8A1AB8B88E00AF39F7 /* UIRefreshControl+AFNetworking.m */,
				CCDC0C8B1AB8B88E00AF39F7 /* UIWebView+AFNetworking.h */,
				CCDC0C8C1AB8B88E00AF39F7 /* UIWebView+AFNetworking.m */,
			);
			path = "UIKit+AFNetworking";
			sourceTree = "<group>";
		};
		CCDC0C9C1AB8B96100AF39F7 /* FeedManager */ = {
			isa = PBXGroup;
			children = (
				CCDC0C981AB8B95B00AF39F7 /* SaveFeed.swift */,
				CCDC0C991AB8B95B00AF39F7 /* UpdateDataManager.swift */,
			);
			path = FeedManager;
			sourceTree = "<group>";
		};
		CCDC0CA71AB8B99F00AF39F7 /* SideBar */ = {
			isa = PBXGroup;
			children = (
				CCDC0CA81AB8B9AA00AF39F7 /* SideBar.swift */,
				CCDC0CA91AB8B9AA00AF39F7 /* SideBarTableViewController.swift */,
			);
			path = SideBar;
			sourceTree = "<group>";
		};
		CCDC0CB41AB8B9D700AF39F7 /* CoreData */ = {
			isa = PBXGroup;
			children = (
				CCDC0CAE1AB8B9D200AF39F7 /* Feed.h */,
				CCDC0CAF1AB8B9D200AF39F7 /* Feed.m */,
				CCDC0CB01AB8B9D200AF39F7 /* Article.h */,
				CCDC0CB11AB8B9D200AF39F7 /* Article.m */,
			);
			path = CoreData;
			sourceTree = "<group>";
		};
/* End PBXGroup section */

/* Begin PBXNativeTarget section */
		CCDC0BEA1AB8B37800AF39F7 /* RSSReader */ = {
			isa = PBXNativeTarget;
			buildConfigurationList = CCDC0C0D1AB8B37800AF39F7 /* Build configuration list for PBXNativeTarget "RSSReader" */;
			buildPhases = (
				CCDC0BE71AB8B37800AF39F7 /* Sources */,
				CCDC0BE81AB8B37800AF39F7 /* Frameworks */,
				CCDC0BE91AB8B37800AF39F7 /* Resources */,
			);
			buildRules = (
			);
			dependencies = (
			);
			name = RSSReader;
			productName = RSSReader;
			productReference = CCDC0BEB1AB8B37800AF39F7 /* RSSReader.app */;
			productType = "com.apple.product-type.application";
		};
		CCDC0C021AB8B37800AF39F7 /* RSSReaderTests */ = {
			isa = PBXNativeTarget;
			buildConfigurationList = CCDC0C101AB8B37800AF39F7 /* Build configuration list for PBXNativeTarget "RSSReaderTests" */;
			buildPhases = (
				CCDC0BFF1AB8B37800AF39F7 /* Sources */,
				CCDC0C001AB8B37800AF39F7 /* Frameworks */,
				CCDC0C011AB8B37800AF39F7 /* Resources */,
			);
			buildRules = (
			);
			dependencies = (
				CCDC0C051AB8B37800AF39F7 /* PBXTargetDependency */,
			);
			name = RSSReaderTests;
			productName = RSSReaderTests;
			productReference = CCDC0C031AB8B37800AF39F7 /* RSSReaderTests.xctest */;
			productType = "com.apple.product-type.bundle.unit-test";
		};
/* End PBXNativeTarget section */

/* Begin PBXProject section */
		CCDC0BE31AB8B37800AF39F7 /* Project object */ = {
			isa = PBXProject;
			attributes = {
				LastUpgradeCheck = 0630;
				ORGANIZATIONNAME = "Leopold Aschenbrenner";
				TargetAttributes = {
					CCDC0BEA1AB8B37800AF39F7 = {
						CreatedOnToolsVersion = 6.2;
					};
					CCDC0C021AB8B37800AF39F7 = {
						CreatedOnToolsVersion = 6.2;
						TestTargetID = CCDC0BEA1AB8B37800AF39F7;
					};
				};
			};
			buildConfigurationList = CCDC0BE61AB8B37800AF39F7 /* Build configuration list for PBXProject "RSSReader" */;
			compatibilityVersion = "Xcode 3.2";
			developmentRegion = English;
			hasScannedForEncodings = 0;
			knownRegions = (
				en,
				Base,
			);
			mainGroup = CCDC0BE21AB8B37800AF39F7;
			productRefGroup = CCDC0BEC1AB8B37800AF39F7 /* Products */;
			projectDirPath = "";
			projectRoot = "";
			targets = (
				CCDC0BEA1AB8B37800AF39F7 /* RSSReader */,
				CCDC0C021AB8B37800AF39F7 /* RSSReaderTests */,
			);
		};
/* End PBXProject section */

/* Begin PBXResourcesBuildPhase section */
		CCDC0BE91AB8B37800AF39F7 /* Resources */ = {
			isa = PBXResourcesBuildPhase;
			buildActionMask = 2147483647;
			files = (
				CCDC0C281AB8B71900AF39F7 /* forwardbutton@2x.png in Resources */,
				CCDC0C341AB8B74500AF39F7 /* SVWebViewControllerActivitySafari-iPad.png in Resources */,
				CCDC0C351AB8B74500AF39F7 /* SVWebViewControllerActivitySafari-iPad@2x.png in Resources */,
				CCDC0C291AB8B71900AF39F7 /* forwardbutton@3x.png in Resources */,
				CCDC0C241AB8B71900AF39F7 /* backbutton.png in Resources */,
				CCDC0C401AB8B77400AF39F7 /* SVWebViewControllerActivityChrome-iPad.png in Resources */,
				CCDC0CA61AB8B98E00AF39F7 /* Main.storyboard in Resources */,
				CCDC0C431AB8B77400AF39F7 /* SVWebViewControllerActivityChrome@2x.png in Resources */,
				CCDC0C251AB8B71900AF39F7 /* backbutton@2x.png in Resources */,
				CCDC0C261AB8B71900AF39F7 /* backbutton@3x.png in Resources */,
				CC3467421AB8C94E00434630 /* Images.xcassets in Resources */,
				CCDC0C411AB8B77400AF39F7 /* SVWebViewControllerActivityChrome-iPad@2x.png in Resources */,
				CCDC0C371AB8B74500AF39F7 /* SVWebViewControllerActivitySafari@2x.png in Resources */,
				CCDC0C271AB8B71900AF39F7 /* forwardbutton.png in Resources */,
				CCDC0CA41AB8B98000AF39F7 /* FeedTableViewCell.xib in Resources */,
				CCDC0BFE1AB8B37800AF39F7 /* LaunchScreen.xib in Resources */,
			);
			runOnlyForDeploymentPostprocessing = 0;
		};
		CCDC0C011AB8B37800AF39F7 /* Resources */ = {
			isa = PBXResourcesBuildPhase;
			buildActionMask = 2147483647;
			files = (
			);
			runOnlyForDeploymentPostprocessing = 0;
		};
/* End PBXResourcesBuildPhase section */

/* Begin PBXSourcesBuildPhase section */
		CCDC0BE71AB8B37800AF39F7 /* Sources */ = {
			isa = PBXSourcesBuildPhase;
			buildActionMask = 2147483647;
			files = (
				CCDC0CB31AB8B9D200AF39F7 /* Article.m in Sources */,
				CCDC0CB21AB8B9D200AF39F7 /* Feed.m in Sources */,
				CCDC0C2E1AB8B73400AF39F7 /* SVWebViewControllerActivity.m in Sources */,
				CCDC0C901AB8B88E00AF39F7 /* UIButton+AFNetworking.m in Sources */,
				CCDC0C5A1AB8B86400AF39F7 /* MWFeedParser.m in Sources */,
				CCDC0C9A1AB8B95B00AF39F7 /* SaveFeed.swift in Sources */,
				CCDC0C941AB8B88E00AF39F7 /* UIWebView+AFNetworking.m in Sources */,
				CCDC0C921AB8B88E00AF39F7 /* UIProgressView+AFNetworking.m in Sources */,
				CCDC0C741AB8B87800AF39F7 /* AFHTTPSessionManager.m in Sources */,
				CCDC0C571AB8B86400AF39F7 /* GTMNSString+HTML.m in Sources */,
				CCDC0C911AB8B88E00AF39F7 /* UIImageView+AFNetworking.m in Sources */,
				CC3467401AB8C8BB00434630 /* FeedModel.xcdatamodeld in Sources */,
				CCDC0CA31AB8B98000AF39F7 /* FeedTableViewCell.swift in Sources */,
				CCDC0C751AB8B87800AF39F7 /* AFNetworkReachabilityManager.m in Sources */,
				CCDC0C9B1AB8B95B00AF39F7 /* UpdateDataManager.swift in Sources */,
				CCDC0CA01AB8B97A00AF39F7 /* ArticleViewController.swift in Sources */,
				CCDC0C721AB8B87800AF39F7 /* AFHTTPRequestOperation.m in Sources */,
				CCDC0C781AB8B87800AF39F7 /* AFURLRequestSerialization.m in Sources */,
				CCDC0C771AB8B87800AF39F7 /* AFURLConnectionOperation.m in Sources */,
				CCDC0C7A1AB8B87800AF39F7 /* AFURLSessionManager.m in Sources */,
				CCDC0C461AB8B82B00AF39F7 /* CoreDataHelper.swift in Sources */,
				CCDC0C8E1AB8B88E00AF39F7 /* UIActivityIndicatorView+AFNetworking.m in Sources */,
				CCDC0C591AB8B86400AF39F7 /* MWFeedItem.m in Sources */,
				CCDC0C2A1AB8B71900AF39F7 /* KINWebBrowserViewController.m in Sources */,
				CCDC0C361AB8B74500AF39F7 /* SVWebViewControllerActivitySafari.m in Sources */,
				CCDC0C971AB8B94200AF39F7 /* AppDelegate.swift in Sources */,
				CCDC0C5C1AB8B86400AF39F7 /* NSString+HTML.m in Sources */,
				CCDC0C9E1AB8B97100AF39F7 /* MainTableViewController.swift in Sources */,
				CCDC0C421AB8B77400AF39F7 /* SVWebViewControllerActivityChrome.m in Sources */,
				CCDC0C5D1AB8B86400AF39F7 /* NSString+XMLEntities.m in Sources */,
				CCDC0C761AB8B87800AF39F7 /* AFSecurityPolicy.m in Sources */,
				CCDC0C931AB8B88E00AF39F7 /* UIRefreshControl+AFNetworking.m in Sources */,
				CCDC0C8F1AB8B88E00AF39F7 /* UIAlertView+AFNetworking.m in Sources */,
				CCDC0C581AB8B86400AF39F7 /* MWFeedInfo.m in Sources */,
				CCDC0CAB1AB8B9AA00AF39F7 /* SideBarTableViewController.swift in Sources */,
				CC1672891AD6F4400003EF40 /* HTMLParser.swift in Sources */,
				CCDC0C731AB8B87800AF39F7 /* AFHTTPRequestOperationManager.m in Sources */,
				CCDC0C5B1AB8B86400AF39F7 /* NSDate+InternetDateTime.m in Sources */,
				CCDC0C791AB8B87800AF39F7 /* AFURLResponseSerialization.m in Sources */,
				CCDC0CAA1AB8B9AA00AF39F7 /* SideBar.swift in Sources */,
				CCDC0C8D1AB8B88E00AF39F7 /* AFNetworkActivityIndicatorManager.m in Sources */,
			);
			runOnlyForDeploymentPostprocessing = 0;
		};
		CCDC0BFF1AB8B37800AF39F7 /* Sources */ = {
			isa = PBXSourcesBuildPhase;
			buildActionMask = 2147483647;
			files = (
				CCDC0C0A1AB8B37800AF39F7 /* RSSReaderTests.swift in Sources */,
			);
			runOnlyForDeploymentPostprocessing = 0;
		};
/* End PBXSourcesBuildPhase section */

/* Begin PBXTargetDependency section */
		CCDC0C051AB8B37800AF39F7 /* PBXTargetDependency */ = {
			isa = PBXTargetDependency;
			target = CCDC0BEA1AB8B37800AF39F7 /* RSSReader */;
			targetProxy = CCDC0C041AB8B37800AF39F7 /* PBXContainerItemProxy */;
		};
/* End PBXTargetDependency section */

/* Begin PBXVariantGroup section */
		CCDC0BFC1AB8B37800AF39F7 /* LaunchScreen.xib */ = {
			isa = PBXVariantGroup;
			children = (
				CCDC0BFD1AB8B37800AF39F7 /* Base */,
			);
			name = LaunchScreen.xib;
			path = ../.;
			sourceTree = "<group>";
		};
/* End PBXVariantGroup section */

/* Begin XCBuildConfiguration section */
		CCDC0C0B1AB8B37800AF39F7 /* Debug */ = {
			isa = XCBuildConfiguration;
			buildSettings = {
				ALWAYS_SEARCH_USER_PATHS = NO;
				CLANG_CXX_LANGUAGE_STANDARD = "gnu++0x";
				CLANG_CXX_LIBRARY = "libc++";
				CLANG_ENABLE_MODULES = YES;
				CLANG_ENABLE_OBJC_ARC = YES;
				CLANG_WARN_BOOL_CONVERSION = YES;
				CLANG_WARN_CONSTANT_CONVERSION = YES;
				CLANG_WARN_DIRECT_OBJC_ISA_USAGE = YES_ERROR;
				CLANG_WARN_EMPTY_BODY = YES;
				CLANG_WARN_ENUM_CONVERSION = YES;
				CLANG_WARN_INT_CONVERSION = YES;
				CLANG_WARN_OBJC_ROOT_CLASS = YES_ERROR;
				CLANG_WARN_UNREACHABLE_CODE = YES;
				CLANG_WARN__DUPLICATE_METHOD_MATCH = YES;
				"CODE_SIGN_IDENTITY[sdk=iphoneos*]" = "iPhone Developer";
				COPY_PHASE_STRIP = NO;
				ENABLE_STRICT_OBJC_MSGSEND = YES;
				GCC_C_LANGUAGE_STANDARD = gnu99;
				GCC_DYNAMIC_NO_PIC = NO;
				GCC_OPTIMIZATION_LEVEL = 0;
				GCC_PREPROCESSOR_DEFINITIONS = (
					"DEBUG=1",
					"$(inherited)",
				);
				GCC_SYMBOLS_PRIVATE_EXTERN = NO;
				GCC_WARN_64_TO_32_BIT_CONVERSION = YES;
				GCC_WARN_ABOUT_RETURN_TYPE = YES_ERROR;
				GCC_WARN_UNDECLARED_SELECTOR = YES;
				GCC_WARN_UNINITIALIZED_AUTOS = YES_AGGRESSIVE;
				GCC_WARN_UNUSED_FUNCTION = YES;
				GCC_WARN_UNUSED_VARIABLE = YES;
				IPHONEOS_DEPLOYMENT_TARGET = 8.3;
				MTL_ENABLE_DEBUG_INFO = YES;
				ONLY_ACTIVE_ARCH = YES;
				SDKROOT = iphoneos;
				SWIFT_OPTIMIZATION_LEVEL = "-Onone";
				TARGETED_DEVICE_FAMILY = "1,2";
			};
			name = Debug;
		};
		CCDC0C0C1AB8B37800AF39F7 /* Release */ = {
			isa = XCBuildConfiguration;
			buildSettings = {
				ALWAYS_SEARCH_USER_PATHS = NO;
				CLANG_CXX_LANGUAGE_STANDARD = "gnu++0x";
				CLANG_CXX_LIBRARY = "libc++";
				CLANG_ENABLE_MODULES = YES;
				CLANG_ENABLE_OBJC_ARC = YES;
				CLANG_WARN_BOOL_CONVERSION = YES;
				CLANG_WARN_CONSTANT_CONVERSION = YES;
				CLANG_WARN_DIRECT_OBJC_ISA_USAGE = YES_ERROR;
				CLANG_WARN_EMPTY_BODY = YES;
				CLANG_WARN_ENUM_CONVERSION = YES;
				CLANG_WARN_INT_CONVERSION = YES;
				CLANG_WARN_OBJC_ROOT_CLASS = YES_ERROR;
				CLANG_WARN_UNREACHABLE_CODE = YES;
				CLANG_WARN__DUPLICATE_METHOD_MATCH = YES;
				"CODE_SIGN_IDENTITY[sdk=iphoneos*]" = "iPhone Developer";
				COPY_PHASE_STRIP = NO;
				ENABLE_NS_ASSERTIONS = NO;
				ENABLE_STRICT_OBJC_MSGSEND = YES;
				GCC_C_LANGUAGE_STANDARD = gnu99;
				GCC_WARN_64_TO_32_BIT_CONVERSION = YES;
				GCC_WARN_ABOUT_RETURN_TYPE = YES_ERROR;
				GCC_WARN_UNDECLARED_SELECTOR = YES;
				GCC_WARN_UNINITIALIZED_AUTOS = YES_AGGRESSIVE;
				GCC_WARN_UNUSED_FUNCTION = YES;
				GCC_WARN_UNUSED_VARIABLE = YES;
				IPHONEOS_DEPLOYMENT_TARGET = 8.3;
				MTL_ENABLE_DEBUG_INFO = NO;
				SDKROOT = iphoneos;
				TARGETED_DEVICE_FAMILY = "1,2";
				VALIDATE_PRODUCT = YES;
			};
			name = Release;
		};
		CCDC0C0E1AB8B37800AF39F7 /* Debug */ = {
			isa = XCBuildConfiguration;
			buildSettings = {
				ASSETCATALOG_COMPILER_APPICON_NAME = AppIcon;
				CLANG_ENABLE_MODULES = YES;
				INFOPLIST_FILE = "RSSReader/Supporting Files/Info.plist";
				LD_RUNPATH_SEARCH_PATHS = "$(inherited) @executable_path/Frameworks";
				PRODUCT_NAME = "$(TARGET_NAME)";
				SWIFT_OBJC_BRIDGING_HEADER = "RSSReader/Supporting Files/ObjcBridgingHeader.h";
				SWIFT_OPTIMIZATION_LEVEL = "-Onone";
			};
			name = Debug;
		};
		CCDC0C0F1AB8B37800AF39F7 /* Release */ = {
			isa = XCBuildConfiguration;
			buildSettings = {
				ASSETCATALOG_COMPILER_APPICON_NAME = AppIcon;
				CLANG_ENABLE_MODULES = YES;
				INFOPLIST_FILE = "RSSReader/Supporting Files/Info.plist";
				LD_RUNPATH_SEARCH_PATHS = "$(inherited) @executable_path/Frameworks";
				PRODUCT_NAME = "$(TARGET_NAME)";
				SWIFT_OBJC_BRIDGING_HEADER = "RSSReader/Supporting Files/ObjcBridgingHeader.h";
			};
			name = Release;
		};
		CCDC0C111AB8B37800AF39F7 /* Debug */ = {
			isa = XCBuildConfiguration;
			buildSettings = {
				BUNDLE_LOADER = "$(TEST_HOST)";
				FRAMEWORK_SEARCH_PATHS = (
					"$(SDKROOT)/Developer/Library/Frameworks",
					"$(inherited)",
				);
				GCC_PREPROCESSOR_DEFINITIONS = (
					"DEBUG=1",
					"$(inherited)",
				);
				INFOPLIST_FILE = "RSSReaderTests/Supporting Files/Info.plist";
				LD_RUNPATH_SEARCH_PATHS = "$(inherited) @executable_path/Frameworks @loader_path/Frameworks";
				PRODUCT_NAME = "$(TARGET_NAME)";
				TEST_HOST = "$(BUILT_PRODUCTS_DIR)/RSSReader.app/RSSReader";
			};
			name = Debug;
		};
		CCDC0C121AB8B37800AF39F7 /* Release */ = {
			isa = XCBuildConfiguration;
			buildSettings = {
				BUNDLE_LOADER = "$(TEST_HOST)";
				FRAMEWORK_SEARCH_PATHS = (
					"$(SDKROOT)/Developer/Library/Frameworks",
					"$(inherited)",
				);
				INFOPLIST_FILE = "RSSReaderTests/Supporting Files/Info.plist";
				LD_RUNPATH_SEARCH_PATHS = "$(inherited) @executable_path/Frameworks @loader_path/Frameworks";
				PRODUCT_NAME = "$(TARGET_NAME)";
				TEST_HOST = "$(BUILT_PRODUCTS_DIR)/RSSReader.app/RSSReader";
			};
			name = Release;
		};
/* End XCBuildConfiguration section */

/* Begin XCConfigurationList section */
		CCDC0BE61AB8B37800AF39F7 /* Build configuration list for PBXProject "RSSReader" */ = {
			isa = XCConfigurationList;
			buildConfigurations = (
				CCDC0C0B1AB8B37800AF39F7 /* Debug */,
				CCDC0C0C1AB8B37800AF39F7 /* Release */,
			);
			defaultConfigurationIsVisible = 0;
			defaultConfigurationName = Release;
		};
		CCDC0C0D1AB8B37800AF39F7 /* Build configuration list for PBXNativeTarget "RSSReader" */ = {
			isa = XCConfigurationList;
			buildConfigurations = (
				CCDC0C0E1AB8B37800AF39F7 /* Debug */,
				CCDC0C0F1AB8B37800AF39F7 /* Release */,
			);
			defaultConfigurationIsVisible = 0;
			defaultConfigurationName = Release;
		};
		CCDC0C101AB8B37800AF39F7 /* Build configuration list for PBXNativeTarget "RSSReaderTests" */ = {
			isa = XCConfigurationList;
			buildConfigurations = (
				CCDC0C111AB8B37800AF39F7 /* Debug */,
				CCDC0C121AB8B37800AF39F7 /* Release */,
			);
			defaultConfigurationIsVisible = 0;
			defaultConfigurationName = Release;
		};
/* End XCConfigurationList section */

/* Begin XCVersionGroup section */
		CC34673E1AB8C8BB00434630 /* FeedModel.xcdatamodeld */ = {
			isa = XCVersionGroup;
			children = (
				CC34673F1AB8C8BB00434630 /* FeedModel.xcdatamodel */,
			);
			currentVersion = CC34673F1AB8C8BB00434630 /* FeedModel.xcdatamodel */;
			path = FeedModel.xcdatamodeld;
			sourceTree = "<group>";
			versionGroupType = wrapper.xcdatamodel;
		};
/* End XCVersionGroup section */
	};
	rootObject = CCDC0BE31AB8B37800AF39F7 /* Project object */;
}
